// !$*UTF8*$!
{
	archiveVersion = 1;
	classes = {
	};
	objectVersion = 46;
	objects = {

/* Begin PBXBuildFile section */
		2825B7C11E675787007A868E /* AppDelegate.swift in Sources */ = {isa = PBXBuildFile; fileRef = 2825B7C01E675787007A868E /* AppDelegate.swift */; };
		2825B7C61E675787007A868E /* Main.storyboard in Resources */ = {isa = PBXBuildFile; fileRef = 2825B7C41E675787007A868E /* Main.storyboard */; };
		2825B7C81E675787007A868E /* Assets.xcassets in Resources */ = {isa = PBXBuildFile; fileRef = 2825B7C71E675787007A868E /* Assets.xcassets */; };
		2825B7CB1E675787007A868E /* LaunchScreen.storyboard in Resources */ = {isa = PBXBuildFile; fileRef = 2825B7C91E675787007A868E /* LaunchScreen.storyboard */; };
		2825B7D31E675B16007A868E /* Calculator.swift in Sources */ = {isa = PBXBuildFile; fileRef = 2825B7D21E675B16007A868E /* Calculator.swift */; };
		2825B7D51E675CD6007A868E /* ComplectationViewController.swift in Sources */ = {isa = PBXBuildFile; fileRef = 2825B7D41E675CD6007A868E /* ComplectationViewController.swift */; };
/* End PBXBuildFile section */

/* Begin PBXFileReference section */
		2825B7BD1E675787007A868E /* CarPrice.app */ = {isa = PBXFileReference; explicitFileType = wrapper.application; includeInIndex = 0; path = CarPrice.app; sourceTree = BUILT_PRODUCTS_DIR; };
		2825B7C01E675787007A868E /* AppDelegate.swift */ = {isa = PBXFileReference; lastKnownFileType = sourcecode.swift; path = AppDelegate.swift; sourceTree = "<group>"; };
		2825B7C51E675787007A868E /* Base */ = {isa = PBXFileReference; lastKnownFileType = file.storyboard; name = Base; path = Base.lproj/Main.storyboard; sourceTree = "<group>"; };
		2825B7C71E675787007A868E /* Assets.xcassets */ = {isa = PBXFileReference; lastKnownFileType = folder.assetcatalog; path = Assets.xcassets; sourceTree = "<group>"; };
		2825B7CA1E675787007A868E /* Base */ = {isa = PBXFileReference; lastKnownFileType = file.storyboard; name = Base; path = Base.lproj/LaunchScreen.storyboard; sourceTree = "<group>"; };
		2825B7CC1E675787007A868E /* Info.plist */ = {isa = PBXFileReference; lastKnownFileType = text.plist.xml; path = Info.plist; sourceTree = "<group>"; };
		2825B7D21E675B16007A868E /* Calculator.swift */ = {isa = PBXFileReference; fileEncoding = 4; lastKnownFileType = sourcecode.swift; path = Calculator.swift; sourceTree = "<group>"; };
		2825B7D41E675CD6007A868E /* ComplectationViewController.swift */ = {isa = PBXFileReference; fileEncoding = 4; lastKnownFileType = sourcecode.swift; path = ComplectationViewController.swift; sourceTree = "<group>"; };
/* End PBXFileReference section */

/* Begin PBXFrameworksBuildPhase section */
		2825B7BA1E675787007A868E /* Frameworks */ = {
			isa = PBXFrameworksBuildPhase;
			buildActionMask = 2147483647;
			files = (
			);
			runOnlyForDeploymentPostprocessing = 0;
		};
/* End PBXFrameworksBuildPhase section */

/* Begin PBXGroup section */
		2825B7B41E675787007A868E = {
			isa = PBXGroup;
			children = (
				2825B7BF1E675787007A868E /* CarPrice */,
				2825B7BE1E675787007A868E /* Products */,
			);
			sourceTree = "<group>";
		};
		2825B7BE1E675787007A868E /* Products */ = {
			isa = PBXGroup;
			children = (
				2825B7BD1E675787007A868E /* CarPrice.app */,
			);
			name = Products;
			sourceTree = "<group>";
		};
		2825B7BF1E675787007A868E /* CarPrice */ = {
			isa = PBXGroup;
			children = (
				2825B7D41E675CD6007A868E /* ComplectationViewController.swift */,
				2825B7C01E675787007A868E /* AppDelegate.swift */,
				2825B7C41E675787007A868E /* Main.storyboard */,
				2825B7D21E675B16007A868E /* Calculator.swift */,
				2825B7C71E675787007A868E /* Assets.xcassets */,
				2825B7C91E675787007A868E /* LaunchScreen.storyboard */,
				2825B7CC1E675787007A868E /* Info.plist */,
			);
			path = CarPrice;
			sourceTree = "<group>";
		};
/* End PBXGroup section */

/* Begin PBXNativeTarget section */
		2825B7BC1E675787007A868E /* CarPrice */ = {
			isa = PBXNativeTarget;
			buildConfigurationList = 2825B7CF1E675787007A868E /* Build configuration list for PBXNativeTarget "CarPrice" */;
			buildPhases = (
				2825B7B91E675787007A868E /* Sources */,
				2825B7BA1E675787007A868E /* Frameworks */,
				2825B7BB1E675787007A868E /* Resources */,
			);
			buildRules = (
			);
			dependencies = (
			);
			name = CarPrice;
			productName = CarPrice;
			productReference = 2825B7BD1E675787007A868E /* CarPrice.app */;
			productType = "com.apple.product-type.application";
		};
/* End PBXNativeTarget section */

/* Begin PBXProject section */
		2825B7B51E675787007A868E /* Project object */ = {
			isa = PBXProject;
			attributes = {
				LastSwiftUpdateCheck = 0820;
				LastUpgradeCheck = 0820;
				ORGANIZATIONNAME = "Дмитрий";
				TargetAttributes = {
					2825B7BC1E675787007A868E = {
						CreatedOnToolsVersion = 8.2.1;
						ProvisioningStyle = Automatic;
					};
				};
			};
			buildConfigurationList = 2825B7B81E675787007A868E /* Build configuration list for PBXProject "CarPrice" */;
			compatibilityVersion = "Xcode 3.2";
			developmentRegion = English;
			hasScannedForEncodings = 0;
			knownRegions = (
				en,
				Base,
			);
			mainGroup = 2825B7B41E675787007A868E;
			productRefGroup = 2825B7BE1E675787007A868E /* Products */;
			projectDirPath = "";
			projectRoot = "";
			targets = (
				2825B7BC1E675787007A868E /* CarPrice */,
			);
		};
/* End PBXProject section */

/* Begin PBXResourcesBuildPhase section */
		2825B7BB1E675787007A868E /* Resources */ = {
			isa = PBXResourcesBuildPhase;
			buildActionMask = 2147483647;
			files = (
				2825B7CB1E675787007A868E /* LaunchScreen.storyboard in Resources */,
				2825B7C81E675787007A868E /* Assets.xcassets in Resources */,
				2825B7C61E675787007A868E /* Main.storyboard in Resources */,
			);
			runOnlyForDeploymentPostprocessing = 0;
		};
/* End PBXResourcesBuildPhase section */

/* Begin PBXSourcesBuildPhase section */
		2825B7B91E675787007A868E /* Sources */ = {
			isa = PBXSourcesBuildPhase;
			buildActionMask = 2147483647;
			files = (
				2825B7C11E675787007A868E /* AppDelegate.swift in Sources */,
				2825B7D51E675CD6007A868E /* ComplectationViewController.swift in Sources */,
				2825B7D31E675B16007A868E /* Calculator.swift in Sources */,
			);
			runOnlyForDeploymentPostprocessing = 0;
		};
/* End PBXSourcesBuildPhase section */

/* Begin PBXVariantGroup section */
		2825B7C41E675787007A868E /* Main.storyboard */ = {
			isa = PBXVariantGroup;
			children = (
				2825B7C51E675787007A868E /* Base */,
			);
			name = Main.storyboard;
			sourceTree = "<group>";
		};
		2825B7C91E675787007A868E /* LaunchScreen.storyboard */ = {
			isa = PBXVariantGroup;
			children = (
				2825B7CA1E675787007A868E /* Base */,
			);
			name = LaunchScreen.storyboard;
			sourceTree = "<group>";
		};
/* End PBXVariantGroup section */

/* Begin XCBuildConfiguration section */
		2825B7CD1E675787007A868E /* Debug */ = {
			isa = XCBuildConfiguration;
			buildSettings = {
				ALWAYS_SEARCH_USER_PATHS = NO;
				CLANG_ANALYZER_NONNULL = YES;
				CLANG_CXX_LANGUAGE_STANDARD = "gnu++0x";
				CLANG_CXX_LIBRARY = "libc++";
				CLANG_ENABLE_MODULES = YES;
				CLANG_ENABLE_OBJC_ARC = YES;
				CLANG_WARN_BOOL_CONVERSION = YES;
				CLANG_WARN_CONSTANT_CONVERSION = YES;
				CLANG_WARN_DIRECT_OBJC_ISA_USAGE = YES_ERROR;
				CLANG_WARN_DOCUMENTATION_COMMENTS = YES;
				CLANG_WARN_EMPTY_BODY = YES;
				CLANG_WARN_ENUM_CONVERSION = YES;
				CLANG_WARN_INFINITE_RECURSION = YES;
				CLANG_WARN_INT_CONVERSION = YES;
				CLANG_WARN_OBJC_ROOT_CLASS = YES_ERROR;
				CLANG_WARN_SUSPICIOUS_MOVE = YES;
				CLANG_WARN_UNREACHABLE_CODE = YES;
				CLANG_WARN__DUPLICATE_METHOD_MATCH = YES;
				"CODE_SIGN_IDENTITY[sdk=iphoneos*]" = "iPhone Developer";
				COPY_PHASE_STRIP = NO;
				DEBUG_INFORMATION_FORMAT = dwarf;
				ENABLE_STRICT_OBJC_MSGSEND = YES;
				ENABLE_TESTABILITY = YES;
				GCC_C_LANGUAGE_STANDARD = gnu99;
				GCC_DYNAMIC_NO_PIC = NO;
				GCC_NO_COMMON_BLOCKS = YES;
				GCC_OPTIMIZATION_LEVEL = 0;
				GCC_PREPROCESSOR_DEFINITIONS = (
					"DEBUG=1",
					"$(inherited)",
				);
				GCC_WARN_64_TO_32_BIT_CONVERSION = YES;
				GCC_WARN_ABOUT_RETURN_TYPE = YES_ERROR;
				GCC_WARN_UNDECLARED_SELECTOR = YES;
				GCC_WARN_UNINITIALIZED_AUTOS = YES_AGGRESSIVE;
				GCC_WARN_UNUSED_FUNCTION = YES;
				GCC_WARN_UNUSED_VARIABLE = YES;
				IPHONEOS_DEPLOYMENT_TARGET = 10.2;
				MTL_ENABLE_DEBUG_INFO = YES;
				ONLY_ACTIVE_ARCH = YES;
				SDKROOT = iphoneos;
				SWIFT_ACTIVE_COMPILATION_CONDITIONS = DEBUG;
				SWIFT_OPTIMIZATION_LEVEL = "-Onone";
			};
			name = Debug;
		};
		2825B7CE1E675787007A868E /* Release */ = {
			isa = XCBuildConfiguration;
			buildSettings = {
				ALWAYS_SEARCH_USER_PATHS = NO;
				CLANG_ANALYZER_NONNULL = YES;
				CLANG_CXX_LANGUAGE_STANDARD = "gnu++0x";
				CLANG_CXX_LIBRARY = "libc++";
				CLANG_ENABLE_MODULES = YES;
				CLANG_ENABLE_OBJC_ARC = YES;
				CLANG_WARN_BOOL_CONVERSION = YES;
				CLANG_WARN_CONSTANT_CONVERSION = YES;
				CLANG_WARN_DIRECT_OBJC_ISA_USAGE = YES_ERROR;
				CLANG_WARN_DOCUMENTATION_COMMENTS = YES;
				CLANG_WARN_EMPTY_BODY = YES;
				CLANG_WARN_ENUM_CONVERSION = YES;
				CLANG_WARN_INFINITE_RECURSION = YES;
				CLANG_WARN_INT_CONVERSION = YES;
				CLANG_WARN_OBJC_ROOT_CLASS = YES_ERROR;
				CLANG_WARN_SUSPICIOUS_MOVE = YES;
				CLANG_WARN_UNREACHABLE_CODE = YES;
				CLANG_WARN__DUPLICATE_METHOD_MATCH = YES;
				"CODE_SIGN_IDENTITY[sdk=iphoneos*]" = "iPhone Developer";
				COPY_PHASE_STRIP = NO;
				DEBUG_INFORMATION_FORMAT = "dwarf-with-dsym";
				ENABLE_NS_ASSERTIONS = NO;
				ENABLE_STRICT_OBJC_MSGSEND = YES;
				GCC_C_LANGUAGE_STANDARD = gnu99;
				GCC_NO_COMMON_BLOCKS = YES;
				GCC_WARN_64_TO_32_BIT_CONVERSION = YES;
				GCC_WARN_ABOUT_RETURN_TYPE = YES_ERROR;
				GCC_WARN_UNDECLARED_SELECTOR = YES;
				GCC_WARN_UNINITIALIZED_AUTOS = YES_AGGRESSIVE;
				GCC_WARN_UNUSED_FUNCTION = YES;
				GCC_WARN_UNUSED_VARIABLE = YES;
				IPHONEOS_DEPLOYMENT_TARGET = 10.2;
				MTL_ENABLE_DEBUG_INFO = NO;
				SDKROOT = iphoneos;
				SWIFT_OPTIMIZATION_LEVEL = "-Owholemodule";
				VALIDATE_PRODUCT = YES;
			};
			name = Release;
		};
		2825B7D01E675787007A868E /* Debug */ = {
			isa = XCBuildConfiguration;
			buildSettings = {
				ASSETCATALOG_COMPILER_APPICON_NAME = AppIcon;
				INFOPLIST_FILE = CarPrice/Info.plist;
				LD_RUNPATH_SEARCH_PATHS = "$(inherited) @executable_path/Frameworks";
				PRODUCT_BUNDLE_IDENTIFIER = RA.CarPrice;
				PRODUCT_NAME = "$(TARGET_NAME)";
				SWIFT_VERSION = 3.0;
			};
			name = Debug;
		};
		2825B7D11E675787007A868E /* Release */ = {
			isa = XCBuildConfiguration;
			buildSettings = {
				ASSETCATALOG_COMPILER_APPICON_NAME = AppIcon;
				INFOPLIST_FILE = CarPrice/Info.plist;
				LD_RUNPATH_SEARCH_PATHS = "$(inherited) @executable_path/Frameworks";
				PRODUCT_BUNDLE_IDENTIFIER = RA.CarPrice;
				PRODUCT_NAME = "$(TARGET_NAME)";
				SWIFT_VERSION = 3.0;
			};
			name = Release;
		};
/* End XCBuildConfiguration section */

/* Begin XCConfigurationList section */
		2825B7B81E675787007A868E /* Build configuration list for PBXProject "CarPrice" */ = {
			isa = XCConfigurationList;
			buildConfigurations = (
				2825B7CD1E675787007A868E /* Debug */,
				2825B7CE1E675787007A868E /* Release */,
			);
			defaultConfigurationIsVisible = 0;
			defaultConfigurationName = Release;
		};
		2825B7CF1E675787007A868E /* Build configuration list for PBXNativeTarget "CarPrice" */ = {
			isa = XCConfigurationList;
			buildConfigurations = (
				2825B7D01E675787007A868E /* Debug */,
				2825B7D11E675787007A868E /* Release */,
			);
			defaultConfigurationIsVisible = 0;
		};
/* End XCConfigurationList section */
	};
	rootObject = 2825B7B51E675787007A868E /* Project object */;
}
